<?xml version="1.0" encoding="utf-8"?>
<Project ToolsVersion="4.0" xmlns="http://schemas.microsoft.com/developer/msbuild/2003">
  <ItemGroup>
    <Filter Include="Source Files">
      <UniqueIdentifier>{4FC737F1-C7A5-4376-A066-2A32D752A2FF}</UniqueIdentifier>
      <Extensions>cpp;c;cc;cxx;def;odl;idl;hpj;bat;asm;asmx</Extensions>
    </Filter>
    <Filter Include="Header Files">
      <UniqueIdentifier>{93995380-89BD-4b04-88EB-625FBE52EBFB}</UniqueIdentifier>
      <Extensions>h;hh;hpp;hxx;hm;inl;inc;xsd</Extensions>
    </Filter>
  </ItemGroup>
  <ItemGroup>
    <ClInclude Include="..\inc\bufferReader.h">
      <Filter>Header Files</Filter>
    </ClInclude>
    <ClInclude Include="..\inc\maxpTable.h">
      <Filter>Header Files</Filter>
    </ClInclude>
    <ClInclude Include="..\inc\os_2Table.h">
      <Filter>Header Files</Filter>
    </ClInclude>
    <ClInclude Include="..\inc\sfnt.h">
      <Filter>Header Files</Filter>
    </ClInclude>
    <ClInclude Include="..\inc\sfntHeader.h">
      <Filter>Header Files</Filter>
    </ClInclude>
    <ClInclude Include="..\inc\table.h">
      <Filter>Header Files</Filter>
    </ClInclude>
    <ClInclude Include="..\inc\tableRecord.h">
      <Filter>Header Files</Filter>
    </ClInclude>
    <ClInclude Include="..\inc\tag.h">
      <Filter>Header Files</Filter>
    </ClInclude>
  </ItemGroup>
  <ItemGroup>
    <ClCompile Include="..\src\table.c">
      <Filter>Source Files</Filter>
    </ClCompile>
    <ClCompile Include="..\src\tableRecord.c">
      <Filter>Source Files</Filter>
    </ClCompile>
    <ClCompile Include="..\src\tag.c">
      <Filter>Source Files</Filter>
    </ClCompile>
    <ClCompile Include="..\src\bufferReader.c">
      <Filter>Source Files</Filter>
    </ClCompile>
    <ClCompile Include="..\src\maxpTable.c">
      <Filter>Source Files</Filter>
    </ClCompile>
    <ClCompile Include="..\src\os_2Table.c">
      <Filter>Source Files</Filter>
    </ClCompile>
    <ClCompile Include="..\src\sfnt.c">
      <Filter>Source Files</Filter>
    </ClCompile>
    <ClCompile Include="..\src\sfntHeader.c">
      <Filter>Source Files</Filter>
    </ClCompile>
    <ClCompile Include="..\main.c">
      <Filter>Source Files</Filter>
    </ClCompile>
  </ItemGroup>
</Project>