
Microsoft Visual Studio Solution File, Format Version 12.00
# Visual Studio 2013
VisualStudioVersion = 12.0.31101.0
MinimumVisualStudioVersion = 10.0.40219.1
Project("{FAE04EC0-301F-11D3-BF4B-00C04F79EFBC}") = "otfanalyzer_csharp", "otfanalyzer_csharp.csproj", "{2E811892-E891-4985-887D-B854F8CFD036}"
EndProject
Global
	GlobalSection(SolutionConfigurationPlatforms) = preSolution
		Debug|Any CPU = Debug|Any CPU
		Release|Any CPU = Release|Any CPU
	EndGlobalSection
	GlobalSection(ProjectConfigurationPlatforms) = postSolution
		{2E811892-E891-4985-887D-B854F8CFD036}.Debug|Any CPU.ActiveCfg = Debug|Any CPU
		{2E811892-E891-4985-887D-B854F8CFD036}.Debug|Any CPU.Build.0 = Debug|Any CPU
		{2E811892-E891-4985-887D-B854F8CFD036}.Release|Any CPU.ActiveCfg = Release|Any CPU
		{2E811892-E891-4985-887D-B854F8CFD036}.Release|Any CPU.Build.0 = Release|Any CPU
	EndGlobalSection
	GlobalSection(SolutionProperties) = preSolution
		HideSolutionNode = FALSE
	EndGlobalSection
EndGlobal
